# This file is automatically @generated by Poetry 2.3.2 and should not be changed by hand.

[[package]]
name = "colorama"
version = "0.4.6"
description = "Cross-platform colored terminal text."
optional = false
python-versions = "!=3.0.*,!=3.1.*,!=3.2.*,!=3.3.*,!=3.4.*,!=3.5.*,!=3.6.*,>=2.7"
groups = ["main"]
markers = "sys_platform == \"win32\""
files = [
    {file = "colorama-0.4.6-py2.py3-none-any.whl", hash = "sha256:4f1d9991f5acc0ca119f9d443620b77f9d6b33703e51011c16baf57afb285fc6"},
    {file = "colorama-0.4.6.tar.gz", hash = "sha256:08695f5cb7ed6e0531a20572697297273c47b8cae5a63ffc6d6ed5c201be6e44"},
]

[[package]]
name = "iniconfig"
version = "2.3.0"
description = "brain-dead simple config-ini parsing"
optional = false
python-versions = ">=3.10"
groups = ["main"]
files = [
    {file = "iniconfig-2.3.0-py3-none-any.whl", hash = "sha256:f631c04d2c48c52b84d0d0549c99ff3859c98df65b3101406327ecc7d53fbf12"},
    {file = "iniconfig-2.3.0.tar.gz", hash = "sha256:c76315c77db068650d49c5b56314774a7804df16fee4402c1f19d6d15d8c4730"},
]

[[package]]
name = "mysql-connector-python"
version = "9.6.0"
description = "A self-contained Python driver for communicating with MySQL servers, using an API that is compliant with the Python Database API Specification v2.0 (PEP 249)."
optional = false
python-versions = ">=3.10"
groups = ["main"]
files = [
    {file = "mysql_connector_python-9.6.0-cp310-cp310-macosx_14_0_arm64.whl", hash = "sha256:478e035ebcf734b3a1497bfd3eb72ce3632da6384545b08cf6329471b3849b6e"},
    {file = "mysql_connector_python-9.6.0-cp310-cp310-macosx_14_0_x86_64.whl", hash = "sha256:228000bb951810dad724821d04000174ffcc7fa94b4dcef884b17a3cdae07283"},
    {file = "mysql_connector_python-9.6.0-cp310-cp310-manylinux_2_28_aarch64.whl", hash = "sha256:477e86182aefbf693b71ff8bda7679ab4487af64c027759af831a70080aaaeac"},
    {file = "mysql_connector_python-9.6.0-cp310-cp310-manylinux_2_28_x86_64.whl", hash = "sha256:4bf932724a2702d8b9cde4bf764b843a35e85c59479a870997d37a2a68a5632d"},
    {file = "mysql_connector_python-9.6.0-cp310-cp310-win_amd64.whl", hash = "sha256:b507372c060eb39e2a10ebcb3eb1b12e1778b0120808062fc23e3856268cd2d9"},
    {file = "mysql_connector_python-9.6.0-cp311-cp311-macosx_14_0_arm64.whl", hash = "sha256:011931f7392a1087e10d305b0303f2a20cc1af2c1c8a15cd5691609aa95dfcbd"},
    {file = "mysql_connector_python-9.6.0-cp311-cp311-macosx_14_0_x86_64.whl", hash = "sha256:b5212372aff6833473d2560ac87d3df9fb2498d0faacb7ebf231d947175fa36a"},
    {file = "mysql_connector_python-9.6.0-cp311-cp311-manylinux_2_28_aarch64.whl", hash = "sha256:61deca6e243fafbb3cf08ae27bd0c83d0f8188de8456e46aeba0d3db15bb7230"},
    {file = "mysql_connector_python-9.6.0-cp311-cp311-manylinux_2_28_x86_64.whl", hash = "sha256:adabbc5e1475cdf5fb6f1902a25edc3bd1e0726fa45f01ab1b8f479ff43b3337"},
    {file = "mysql_connector_python-9.6.0-cp311-cp311-win_amd64.whl", hash = "sha256:8732ca0b7417b45238bcbfc7e64d9c4d62c759672207c6284f0921c366efddc7"},
    {file = "mysql_connector_python-9.6.0-cp312-cp312-macosx_14_0_arm64.whl", hash = "sha256:9664e217c72dd6fb700f4c8512af90261f72d2f5d7c00c4e13e4c1e09bfa3d5e"},
    {file = "mysql_connector_python-9.6.0-cp312-cp312-macosx_14_0_x86_64.whl", hash = "sha256:1ed4b5c4761e5333035293e746683890e4ef2e818e515d14023fd80293bc31fa"},
    {file = "mysql_connector_python-9.6.0-cp312-cp312-manylinux_2_28_aarch64.whl", hash = "sha256:5095758dcb89a6bce2379f349da336c268c407129002b595c5dba82ce387e2a5"},
    {file = "mysql_connector_python-9.6.0-cp312-cp312-manylinux_2_28_x86_64.whl", hash = "sha256:4ae4e7780fad950a4f267dea5851048d160f5b71314a342cdbf30b154f1c74f7"},
    {file = "mysql_connector_python-9.6.0-cp312-cp312-win_amd64.whl", hash = "sha256:c180e0b4100d7402e03993bfac5c97d18e01d7ca9d198d742fffc245077f8ffe"},
    {file = "mysql_connector_python-9.6.0-cp313-cp313-macosx_14_0_arm64.whl", hash = "sha256:e86e45a7b540ca09af8a18ecfa761e0cdeccfdb62818331614ec030ae44bfd26"},
    {file = "mysql_connector_python-9.6.0-cp313-cp313-macosx_14_0_x86_64.whl", hash = "sha256:8d3e9252384e1b7f95b07020664f2673d9c29c5e95eeda2e048b3331e190b9d4"},
    {file = "mysql_connector_python-9.6.0-cp313-cp313-manylinux_2_28_aarch64.whl", hash = "sha256:0fa18ead33cb699ea92005695077cef09aa494eebf51164ee30c891c3eaea90c"},
    {file = "mysql_connector_python-9.6.0-cp313-cp313-manylinux_2_28_x86_64.whl", hash = "sha256:a26490cb029bf7b18a1d2093101105b3526a1036b51ad01553d30138f5beb8d2"},
    {file = "mysql_connector_python-9.6.0-cp313-cp313-win_amd64.whl", hash = "sha256:3460ed976e1b88b7284335d9397a3c519dff56d71580ca1f76ff1c0c7714c813"},
    {file = "mysql_connector_python-9.6.0-cp314-cp314-macosx_14_0_arm64.whl", hash = "sha256:e2cc13cd3dcdb845d636e52c4e7a9509b63da09bec6ce1b3696be53a79847e2d"},
    {file = "mysql_connector_python-9.6.0-cp314-cp314-macosx_14_0_x86_64.whl", hash = "sha256:a08c2149d4b52a010c4353f18c84716d18114a4ecd00b466ea34138de2c640f2"},
    {file = "mysql_connector_python-9.6.0-cp314-cp314-manylinux_2_28_aarch64.whl", hash = "sha256:b00228b985edd208b20f45c5e684c54e08e31e01bc1d8c3c18a36641c3be5bf7"},
    {file = "mysql_connector_python-9.6.0-cp314-cp314-manylinux_2_28_x86_64.whl", hash = "sha256:4617ef5216da7ca32dd46afda61a1552807762434127413bba46fbe4379f59d4"},
    {file = "mysql_connector_python-9.6.0-cp314-cp314-win_amd64.whl", hash = "sha256:bc782f64ca00b6b933d4c6a35568f1349d115cc4434c849b5b9edc015bee3e62"},
    {file = "mysql_connector_python-9.6.0-py2.py3-none-any.whl", hash = "sha256:44b0fb57207ebc6ae05b5b21b7968a9ed33b29187fe87b38951bad2a334d75d5"},
    {file = "mysql_connector_python-9.6.0.tar.gz", hash = "sha256:c453bb55347174d87504b534246fb10c589daf5d057515bf615627198a3c7ef1"},
]

[package.extras]
dns-srv = ["dnspython (==2.6.1)"]
gssapi = ["gssapi (==1.8.3)"]
telemetry = ["opentelemetry-api (==1.33.1)", "opentelemetry-exporter-otlp-proto-http (==1.33.1)", "opentelemetry-sdk (==1.33.1)"]
webauthn = ["fido2 (==1.1.2)"]

[[package]]
name = "mysqlx-connector-python"
version = "9.6.0"
description = "A Python driver which implements the X DevAPI, an Application Programming Interface for working with the MySQL Document Store."
optional = false
python-versions = ">=3.10"
groups = ["main"]
files = [
    {file = "mysqlx_connector_python-9.6.0-cp310-cp310-macosx_14_0_arm64.whl", hash = "sha256:b87e3de2191184bc40f65c58c57cbb541aa66a049b94cbd0f756ac74228bac6f"},
    {file = "mysqlx_connector_python-9.6.0-cp310-cp310-macosx_14_0_x86_64.whl", hash = "sha256:78466a017b8e853910c40596d14a68d73e0acb307399b2631744b25484a95936"},
    {file = "mysqlx_connector_python-9.6.0-cp310-cp310-manylinux_2_28_aarch64.whl", hash = "sha256:4b0dd64a1b5193981936a32237702783d888555952461dcfe0ae54d565f7e51c"},
    {file = "mysqlx_connector_python-9.6.0-cp310-cp310-manylinux_2_28_x86_64.whl", hash = "sha256:c355f8f069525baa070a59873d6c2420cc591374221f5c90a2f45f0a3637ac73"},
    {file = "mysqlx_connector_python-9.6.0-cp310-cp310-win_amd64.whl", hash = "sha256:fc7cbdde32d5bc22da882721f96c3ddbd5f21fb9b3a294da4c35f7a3a5676fc9"},
    {file = "mysqlx_connector_python-9.6.0-cp311-cp311-macosx_14_0_arm64.whl", hash = "sha256:79b7a6f05eb71f4e2c741e29fc2df8753c764ab6852476d3073cedb593e3b094"},
    {file = "mysqlx_connector_python-9.6.0-cp311-cp311-macosx_14_0_x86_64.whl", hash = "sha256:620e8033d2c7e78a981ced6d1978c71934dd66ac75a2e997abed4a65140e59cd"},
    {file = "mysqlx_connector_python-9.6.0-cp311-cp311-manylinux_2_28_aarch64.whl", hash = "sha256:133a420497085dfb190a225200f064a6e42cc04d7e3c754d34c5a5e7708d21e4"},
    {file = "mysqlx_connector_python-9.6.0-cp311-cp311-manylinux_2_28_x86_64.whl", hash = "sha256:1cbae061ac19ffc93efa06280b380418c53ea69dcb23c74b6fac4a5799e5d66b"},
    {file = "mysqlx_connector_python-9.6.0-cp311-cp311-win_amd64.whl", hash = "sha256:09424a71c29a28c715daf098fb70c5c7ebb5858585632c742715c8bcfa5ea01f"},
    {file = "mysqlx_connector_python-9.6.0-cp312-cp312-macosx_14_0_arm64.whl", hash = "sha256:6fd6b3dd94c7dc523c2641b3fe16e94f4607abc57a4ee4dbbbd727368093108a"},
    {file = "mysqlx_connector_python-9.6.0-cp312-cp312-macosx_14_0_x86_64.whl", hash = "sha256:bb3261e73d7c1f4ea4d327284ade3498f21f4951fb8b7b871e4bd738ee118d3f"},
    {file = "mysqlx_connector_python-9.6.0-cp312-cp312-manylinux_2_28_aarch64.whl", hash = "sha256:f6a42db18e051fd332bdc62683201d77a69367c89044ee26ce85c270a6ff4ef3"},
    {file = "mysqlx_connector_python-9.6.0-cp312-cp312-manylinux_2_28_x86_64.whl", hash = "sha256:c7a0e655bf587ba16aeee6fa85ae9fd7fe90ee4c1385612b0b47806ac2adfd75"},
    {file = "mysqlx_connector_python-9.6.0-cp312-cp312-win_amd64.whl", hash = "sha256:731fd730d5e5c4059cbfd2051abe13c950a4f1c00d1ce63b89789e120d5525ca"},
    {file = "mysqlx_connector_python-9.6.0-cp313-cp313-macosx_14_0_arm64.whl", hash = "sha256:36e439ae38070b8f995990b28aee9c95b193212014a24fcc7cfb6512a0b64337"},
    {file = "mysqlx_connector_python-9.6.0-cp313-cp313-macosx_14_0_x86_64.whl", hash = "sha256:7a7ed60c4530356f659acc37fc5d357fc3c0b684d598eec2eec62e74356c7ed6"},
    {file = "mysqlx_connector_python-9.6.0-cp313-cp313-manylinux_2_28_aarch64.whl", hash = "sha256:07d39f3cfd8384111e3b2b3661f5ce0055f0a0a01c8db87fa2f6cd93da5aaaac"},
    {file = "mysqlx_connector_python-9.6.0-cp313-cp313-manylinux_2_28_x86_64.whl", hash = "sha256:837a06d9fcd9cbe8f912b9edf684b62483cdbe8cadef3ab6d18f3d75a08e37a4"},
    {file = "mysqlx_connector_python-9.6.0-cp313-cp313-win_amd64.whl", hash = "sha256:1a4b4af3e18bcab49bdc0ac9584cac895ce28dffac7599db73e9724c910010bf"},
    {file = "mysqlx_connector_python-9.6.0-cp314-cp314-macosx_14_0_arm64.whl", hash = "sha256:efc920167256b73277a5b77236fc9006ef9785c9cd1d23a07ee8f5f3f79ffe4f"},
    {file = "mysqlx_connector_python-9.6.0-cp314-cp314-macosx_14_0_x86_64.whl", hash = "sha256:c1bbbc6b42bc30f9c234bfb75e1f4aa8571c4cae76426ec9c10c9391fcaedfca"},
    {file = "mysqlx_connector_python-9.6.0-cp314-cp314-manylinux_2_28_aarch64.whl", hash = "sha256:1fda2e4c501331cd6fa378c66328f191bb304437570576333cbd2b5d26315965"},
    {file = "mysqlx_connector_python-9.6.0-cp314-cp314-manylinux_2_28_x86_64.whl", hash = "sha256:7e9d956ddfc0c971cd5fec62e14ef280d95e52b362710487532342e5e43d3a0a"},
    {file = "mysqlx_connector_python-9.6.0-cp314-cp314-win_amd64.whl", hash = "sha256:bf14f785411bbffa3af7f26faadfa1ef577d29a69e8f98ce9f9a8cefcb87cb48"},
    {file = "mysqlx_connector_python-9.6.0-py2.py3-none-any.whl", hash = "sha256:913f48db0ed7a558fbbfa1d6eb688825c100614019cfcc7d3eec9ff638a8eed8"},
    {file = "mysqlx_connector_python-9.6.0.tar.gz", hash = "sha256:c7df9881a2eb528f90984d6a2b0fd9042e9c0e6dc0f6f12cfbb262dd48c8a03a"},
]

[package.dependencies]
protobuf = "5.29.4"

[package.extras]
compression = ["lz4 (==4.4.4)", "zstandard (==0.23.0)"]
dns-srv = ["dnspython (==2.6.1)"]

[[package]]
name = "packaging"
version = "26.1"
description = "Core utilities for Python packages"
optional = false
python-versions = ">=3.8"
groups = ["main"]
files = [
    {file = "packaging-26.1-py3-none-any.whl", hash = "sha256:5d9c0669c6285e491e0ced2eee587eaf67b670d94a19e94e3984a481aba6802f"},
    {file = "packaging-26.1.tar.gz", hash = "sha256:f042152b681c4bfac5cae2742a55e103d27ab2ec0f3d88037136b6bfe7c9c5de"},
]

[[package]]
name = "pluggy"
version = "1.6.0"
description = "plugin and hook calling mechanisms for python"
optional = false
python-versions = ">=3.9"
groups = ["main"]
files = [
    {file = "pluggy-1.6.0-py3-none-any.whl", hash = "sha256:e920276dd6813095e9377c0bc5566d94c932c33b27a3e3945d8389c374dd4746"},
    {file = "pluggy-1.6.0.tar.gz", hash = "sha256:7dcc130b76258d33b90f61b658791dede3486c3e6bfb003ee5c9bfb396dd22f3"},
]

[package.extras]
dev = ["pre-commit", "tox"]
testing = ["coverage", "pytest", "pytest-benchmark"]

[[package]]
name = "protobuf"
version = "5.29.4"
description = ""
optional = false
python-versions = ">=3.8"
groups = ["main"]
files = [
    {file = "protobuf-5.29.4-cp310-abi3-win32.whl", hash = "sha256:13eb236f8eb9ec34e63fc8b1d6efd2777d062fa6aaa68268fb67cf77f6839ad7"},
    {file = "protobuf-5.29.4-cp310-abi3-win_amd64.whl", hash = "sha256:bcefcdf3976233f8a502d265eb65ea740c989bacc6c30a58290ed0e519eb4b8d"},
    {file = "protobuf-5.29.4-cp38-abi3-macosx_10_9_universal2.whl", hash = "sha256:307ecba1d852ec237e9ba668e087326a67564ef83e45a0189a772ede9e854dd0"},
    {file = "protobuf-5.29.4-cp38-abi3-manylinux2014_aarch64.whl", hash = "sha256:aec4962f9ea93c431d5714ed1be1c93f13e1a8618e70035ba2b0564d9e633f2e"},
    {file = "protobuf-5.29.4-cp38-abi3-manylinux2014_x86_64.whl", hash = "sha256:d7d3f7d1d5a66ed4942d4fefb12ac4b14a29028b209d4bfb25c68ae172059922"},
    {file = "protobuf-5.29.4-cp38-cp38-win32.whl", hash = "sha256:1832f0515b62d12d8e6ffc078d7e9eb06969aa6dc13c13e1036e39d73bebc2de"},
    {file = "protobuf-5.29.4-cp38-cp38-win_amd64.whl", hash = "sha256:476cb7b14914c780605a8cf62e38c2a85f8caff2e28a6a0bad827ec7d6c85d68"},
    {file = "protobuf-5.29.4-cp39-cp39-win32.whl", hash = "sha256:fd32223020cb25a2cc100366f1dedc904e2d71d9322403224cdde5fdced0dabe"},
    {file = "protobuf-5.29.4-cp39-cp39-win_amd64.whl", hash = "sha256:678974e1e3a9b975b8bc2447fca458db5f93a2fb6b0c8db46b6675b5b5346812"},
    {file = "protobuf-5.29.4-py3-none-any.whl", hash = "sha256:3fde11b505e1597f71b875ef2fc52062b6a9740e5f7c8997ce878b6009145862"},
    {file = "protobuf-5.29.4.tar.gz", hash = "sha256:4f1dfcd7997b31ef8f53ec82781ff434a28bf71d9102ddde14d076adcfc78c99"},
]

[[package]]
name = "pygments"
version = "2.20.0"
description = "Pygments is a syntax highlighting package written in Python."
optional = false
python-versions = ">=3.9"
groups = ["main"]
files = [
    {file = "pygments-2.20.0-py3-none-any.whl", hash = "sha256:81a9e26dd42fd28a23a2d169d86d7ac03b46e2f8b59ed4698fb4785f946d0176"},
    {file = "pygments-2.20.0.tar.gz", hash = "sha256:6757cd03768053ff99f3039c1a36d6c0aa0b263438fcab17520b30a303a82b5f"},
]

[package.extras]
windows-terminal = ["colorama (>=0.4.6)"]

[[package]]
name = "pytest"
version = "9.0.3"
description = "pytest: simple powerful testing with Python"
optional = false
python-versions = ">=3.10"
groups = ["main"]
files = [
    {file = "pytest-9.0.3-py3-none-any.whl", hash = "sha256:2c5efc453d45394fdd706ade797c0a81091eccd1d6e4bccfcd476e2b8e0ab5d9"},
    {file = "pytest-9.0.3.tar.gz", hash = "sha256:b86ada508af81d19edeb213c681b1d48246c1a91d304c6c81a427674c17eb91c"},
]

[package.dependencies]
colorama = {version = ">=0.4", markers = "sys_platform == \"win32\""}
iniconfig = ">=1.0.1"
packaging = ">=22"
pluggy = ">=1.5,<2"
pygments = ">=2.7.2"

[package.extras]
dev = ["argcomplete", "attrs (>=19.2)", "hypothesis (>=3.56)", "mock", "requests", "setuptools", "xmlschema"]

[[package]]
name = "pytest-mock"
version = "3.15.1"
description = "Thin-wrapper around the mock package for easier use with pytest"
optional = false
python-versions = ">=3.9"
groups = ["main"]
files = [
    {file = "pytest_mock-3.15.1-py3-none-any.whl", hash = "sha256:0a25e2eb88fe5168d535041d09a4529a188176ae608a6d249ee65abc0949630d"},
    {file = "pytest_mock-3.15.1.tar.gz", hash = "sha256:1849a238f6f396da19762269de72cb1814ab44416fa73a8686deac10b0d87a0f"},
]

[package.dependencies]
pytest = ">=6.2.5"

[package.extras]
dev = ["pre-commit", "pytest-asyncio", "tox"]

[metadata]
lock-version = "2.1"
python-versions = ">=3.13"
content-hash = "8483fe7b0b4fcd28d232b9828c68bc8394b716b2be53668420cd1b0049c06afb"
